
Microsoft Visual Studio Solution File, Format Version 12.00
# Visual Studio Version 17
VisualStudioVersion = 17.0.32112.339
MinimumVisualStudioVersion = 10.0.40219.1
Project("{FAE04EC0-301F-11D3-BF4B-00C04F79EFBC}") = "Web", "Web\Web.csproj", "{6ECA049D-4C50-4AB0-81CB-3569BCA55BB1}"
EndProject
Project("{FAE04EC0-301F-11D3-BF4B-00C04F79EFBC}") = "Application", "Application\Application.csproj", "{FDA82F81-651B-4C21-A5EB-14D0BA631D5B}"
EndProject
Project("{FAE04EC0-301F-11D3-BF4B-00C04F79EFBC}") = "Infrastructure", "Infrastructure\Infrastructure.csproj", "{137BF38F-1080-430E-84C9-183FB22FF9D3}"
EndProject
Global
	GlobalSection(SolutionConfigurationPlatforms) = preSolution
		Debug|Any CPU = Debug|Any CPU
		Release|Any CPU = Release|Any CPU
	EndGlobalSection
	GlobalSection(ProjectConfigurationPlatforms) = postSolution
		{6ECA049D-4C50-4AB0-81CB-3569BCA55BB1}.Debug|Any CPU.ActiveCfg = Debug|Any CPU
		{6ECA049D-4C50-4AB0-81CB-3569BCA55BB1}.Debug|Any CPU.Build.0 = Debug|Any CPU
		{6ECA049D-4C50-4AB0-81CB-3569BCA55BB1}.Release|Any CPU.ActiveCfg = Release|Any CPU
		{6ECA049D-4C50-4AB0-81CB-3569BCA55BB1}.Release|Any CPU.Build.0 = Release|Any CPU
		{FDA82F81-651B-4C21-A5EB-14D0BA631D5B}.Debug|Any CPU.ActiveCfg = Debug|Any CPU
		{FDA82F81-651B-4C21-A5EB-14D0BA631D5B}.Debug|Any CPU.Build.0 = Debug|Any CPU
		{FDA82F81-651B-4C21-A5EB-14D0BA631D5B}.Release|Any CPU.ActiveCfg = Release|Any CPU
		{FDA82F81-651B-4C21-A5EB-14D0BA631D5B}.Release|Any CPU.Build.0 = Release|Any CPU
		{137BF38F-1080-430E-84C9-183FB22FF9D3}.Debug|Any CPU.ActiveCfg = Debug|Any CPU
		{137BF38F-1080-430E-84C9-183FB22FF9D3}.Debug|Any CPU.Build.0 = Debug|Any CPU
		{137BF38F-1080-430E-84C9-183FB22FF9D3}.Release|Any CPU.ActiveCfg = Release|Any CPU
		{137BF38F-1080-430E-84C9-183FB22FF9D3}.Release|Any CPU.Build.0 = Release|Any CPU
	EndGlobalSection
	GlobalSection(SolutionProperties) = preSolution
		HideSolutionNode = FALSE
	EndGlobalSection
	GlobalSection(ExtensibilityGlobals) = postSolution
		SolutionGuid = {5CB53268-DD05-4086-9C76-F5136D887A60}
	EndGlobalSection
EndGlobal
